// !$*UTF8*$!
{
	archiveVersion = 1;
	classes = {
	};
	objectVersion = 46;
	objects = {

/* Begin PBXBuildFile section */
		4A1D475CC15E038DD7328060 /* Pods_RealmSyncDemoTests.framework in Frameworks */ = {isa = PBXBuildFile; fileRef = E573C207D3B93DCA179661F3 /* Pods_RealmSyncDemoTests.framework */; };
		799311229E244BA64B8A2B77 /* Pods_RealmSyncDemo.framework in Frameworks */ = {isa = PBXBuildFile; fileRef = 3DFF60E183095D087FE0349F /* Pods_RealmSyncDemo.framework */; };
		85C2C353245540EAF74E0744 /* Pods_RealmSyncDemoUITests.framework in Frameworks */ = {isa = PBXBuildFile; fileRef = 6A508900928B051496FCA762 /* Pods_RealmSyncDemoUITests.framework */; };
		A8FF88AC07BEC5767F8A342E /* Pods_RealmChatTests.framework in Frameworks */ = {isa = PBXBuildFile; fileRef = 1FD934A10B92498DA176AA2B /* Pods_RealmChatTests.framework */; };
		A908AB161E59DCFB00741E91 /* LaunchScreen.storyboard in Resources */ = {isa = PBXBuildFile; fileRef = A908AB121E59DCFB00741E91 /* LaunchScreen.storyboard */; };
		A908AB171E59DCFB00741E91 /* Main.storyboard in Resources */ = {isa = PBXBuildFile; fileRef = A908AB141E59DCFB00741E91 /* Main.storyboard */; };
		A95F17EF1E59DB0E00A7C54A /* AppDelegate.swift in Sources */ = {isa = PBXBuildFile; fileRef = A95F17EE1E59DB0E00A7C54A /* AppDelegate.swift */; };
		A95F17F11E59DB1D00A7C54A /* Assets.xcassets in Resources */ = {isa = PBXBuildFile; fileRef = A95F17F01E59DB1D00A7C54A /* Assets.xcassets */; };
		A95F17F31E59DB2600A7C54A /* Info.plist in Resources */ = {isa = PBXBuildFile; fileRef = A95F17F21E59DB2600A7C54A /* Info.plist */; };
		A95F17F51E59DB3200A7C54A /* LoginViewController.swift in Sources */ = {isa = PBXBuildFile; fileRef = A95F17F41E59DB3200A7C54A /* LoginViewController.swift */; };
		A95F17F71E59DB3900A7C54A /* BurritoViewController.swift in Sources */ = {isa = PBXBuildFile; fileRef = A95F17F61E59DB3900A7C54A /* BurritoViewController.swift */; };
		A95F17F91E59DB4500A7C54A /* Burrito.swift in Sources */ = {isa = PBXBuildFile; fileRef = A95F17F81E59DB4500A7C54A /* Burrito.swift */; };
		A95F17FF1E59DB5000A7C54A /* ErrorConvenience.swift in Sources */ = {isa = PBXBuildFile; fileRef = A95F17FA1E59DB5000A7C54A /* ErrorConvenience.swift */; };
		A95F18001E59DB5000A7C54A /* Login.swift in Sources */ = {isa = PBXBuildFile; fileRef = A95F17FB1E59DB5000A7C54A /* Login.swift */; };
		A95F18011E59DB5000A7C54A /* RealmHelper.swift in Sources */ = {isa = PBXBuildFile; fileRef = A95F17FC1E59DB5000A7C54A /* RealmHelper.swift */; };
		A95F18021E59DB5000A7C54A /* SyncUserExtension.swift in Sources */ = {isa = PBXBuildFile; fileRef = A95F17FD1E59DB5000A7C54A /* SyncUserExtension.swift */; };
		A95F18031E59DB5000A7C54A /* UIStoryboardExtension.swift in Sources */ = {isa = PBXBuildFile; fileRef = A95F17FE1E59DB5000A7C54A /* UIStoryboardExtension.swift */; };
		A9B239951E3E7C36005AA6F9 /* RealmChatTests.swift in Sources */ = {isa = PBXBuildFile; fileRef = A9B239941E3E7C36005AA6F9 /* RealmChatTests.swift */; };
		A9B239A01E3E7C36005AA6F9 /* RealmChatUITests.swift in Sources */ = {isa = PBXBuildFile; fileRef = A9B2399F1E3E7C36005AA6F9 /* RealmChatUITests.swift */; };
		FC380333EFC7E0D5CA10E317 /* Pods_RealmChatUITests.framework in Frameworks */ = {isa = PBXBuildFile; fileRef = 79824751D000BB0A942625B3 /* Pods_RealmChatUITests.framework */; };
/* End PBXBuildFile section */

/* Begin PBXContainerItemProxy section */
		A9B239911E3E7C36005AA6F9 /* PBXContainerItemProxy */ = {
			isa = PBXContainerItemProxy;
			containerPortal = A9B239741E3E7C35005AA6F9 /* Project object */;
			proxyType = 1;
			remoteGlobalIDString = A9B2397B1E3E7C35005AA6F9;
			remoteInfo = RealmChat;
		};
		A9B2399C1E3E7C36005AA6F9 /* PBXContainerItemProxy */ = {
			isa = PBXContainerItemProxy;
			containerPortal = A9B239741E3E7C35005AA6F9 /* Project object */;
			proxyType = 1;
			remoteGlobalIDString = A9B2397B1E3E7C35005AA6F9;
			remoteInfo = RealmChat;
		};
/* End PBXContainerItemProxy section */

/* Begin PBXFileReference section */
		0795DB94907EAE941B57E6C9 /* Pods-RealmChatUITests.debug.xcconfig */ = {isa = PBXFileReference; includeInIndex = 1; lastKnownFileType = text.xcconfig; name = "Pods-RealmChatUITests.debug.xcconfig"; path = "Pods/Target Support Files/Pods-RealmChatUITests/Pods-RealmChatUITests.debug.xcconfig"; sourceTree = "<group>"; };
		186A9E9F7A39C09957AF0989 /* Pods-RealmChatUITests.release.xcconfig */ = {isa = PBXFileReference; includeInIndex = 1; lastKnownFileType = text.xcconfig; name = "Pods-RealmChatUITests.release.xcconfig"; path = "Pods/Target Support Files/Pods-RealmChatUITests/Pods-RealmChatUITests.release.xcconfig"; sourceTree = "<group>"; };
		1FD934A10B92498DA176AA2B /* Pods_RealmChatTests.framework */ = {isa = PBXFileReference; explicitFileType = wrapper.framework; includeInIndex = 0; path = Pods_RealmChatTests.framework; sourceTree = BUILT_PRODUCTS_DIR; };
		3C3C1DD49E9B54CC06B3AB88 /* Pods-RealmChatTests.release.xcconfig */ = {isa = PBXFileReference; includeInIndex = 1; lastKnownFileType = text.xcconfig; name = "Pods-RealmChatTests.release.xcconfig"; path = "Pods/Target Support Files/Pods-RealmChatTests/Pods-RealmChatTests.release.xcconfig"; sourceTree = "<group>"; };
		3DFF60E183095D087FE0349F /* Pods_RealmSyncDemo.framework */ = {isa = PBXFileReference; explicitFileType = wrapper.framework; includeInIndex = 0; path = Pods_RealmSyncDemo.framework; sourceTree = BUILT_PRODUCTS_DIR; };
		474D1C71B8C533026F4C55BE /* Pods-RealmSyncDemo.release.xcconfig */ = {isa = PBXFileReference; includeInIndex = 1; lastKnownFileType = text.xcconfig; name = "Pods-RealmSyncDemo.release.xcconfig"; path = "Pods/Target Support Files/Pods-RealmSyncDemo/Pods-RealmSyncDemo.release.xcconfig"; sourceTree = "<group>"; };
		4C7AA7CB687E3CA64306B061 /* Pods-RealmChat.release.xcconfig */ = {isa = PBXFileReference; includeInIndex = 1; lastKnownFileType = text.xcconfig; name = "Pods-RealmChat.release.xcconfig"; path = "Pods/Target Support Files/Pods-RealmChat/Pods-RealmChat.release.xcconfig"; sourceTree = "<group>"; };
		4C7FDFD6B1B160A5B0B8DEAB /* Pods-RealmSyncDemoUITests.debug.xcconfig */ = {isa = PBXFileReference; includeInIndex = 1; lastKnownFileType = text.xcconfig; name = "Pods-RealmSyncDemoUITests.debug.xcconfig"; path = "Pods/Target Support Files/Pods-RealmSyncDemoUITests/Pods-RealmSyncDemoUITests.debug.xcconfig"; sourceTree = "<group>"; };
		55BA9C3D2DA7CD8EDBE49934 /* Pods-RealmSyncDemoTests.debug.xcconfig */ = {isa = PBXFileReference; includeInIndex = 1; lastKnownFileType = text.xcconfig; name = "Pods-RealmSyncDemoTests.debug.xcconfig"; path = "Pods/Target Support Files/Pods-RealmSyncDemoTests/Pods-RealmSyncDemoTests.debug.xcconfig"; sourceTree = "<group>"; };
		6A508900928B051496FCA762 /* Pods_RealmSyncDemoUITests.framework */ = {isa = PBXFileReference; explicitFileType = wrapper.framework; includeInIndex = 0; path = Pods_RealmSyncDemoUITests.framework; sourceTree = BUILT_PRODUCTS_DIR; };
		6B6D8F070BC06A50A55280F9 /* Pods-RealmChatTests.debug.xcconfig */ = {isa = PBXFileReference; includeInIndex = 1; lastKnownFileType = text.xcconfig; name = "Pods-RealmChatTests.debug.xcconfig"; path = "Pods/Target Support Files/Pods-RealmChatTests/Pods-RealmChatTests.debug.xcconfig"; sourceTree = "<group>"; };
		79824751D000BB0A942625B3 /* Pods_RealmChatUITests.framework */ = {isa = PBXFileReference; explicitFileType = wrapper.framework; includeInIndex = 0; path = Pods_RealmChatUITests.framework; sourceTree = BUILT_PRODUCTS_DIR; };
		83D0B21A116C9A3A9A26BE25 /* Pods-RealmSyncDemoTests.release.xcconfig */ = {isa = PBXFileReference; includeInIndex = 1; lastKnownFileType = text.xcconfig; name = "Pods-RealmSyncDemoTests.release.xcconfig"; path = "Pods/Target Support Files/Pods-RealmSyncDemoTests/Pods-RealmSyncDemoTests.release.xcconfig"; sourceTree = "<group>"; };
		9950408DD215B31FAFDFC42D /* Pods-RealmSyncDemoUITests.release.xcconfig */ = {isa = PBXFileReference; includeInIndex = 1; lastKnownFileType = text.xcconfig; name = "Pods-RealmSyncDemoUITests.release.xcconfig"; path = "Pods/Target Support Files/Pods-RealmSyncDemoUITests/Pods-RealmSyncDemoUITests.release.xcconfig"; sourceTree = "<group>"; };
		A908AB131E59DCFB00741E91 /* Base */ = {isa = PBXFileReference; lastKnownFileType = file.storyboard; name = Base; path = RealmSyncDemo/Base.lproj/LaunchScreen.storyboard; sourceTree = SOURCE_ROOT; };
		A908AB151E59DCFB00741E91 /* Base */ = {isa = PBXFileReference; lastKnownFileType = file.storyboard; name = Base; path = RealmSyncDemo/Base.lproj/Main.storyboard; sourceTree = SOURCE_ROOT; };
		A95F17EE1E59DB0E00A7C54A /* AppDelegate.swift */ = {isa = PBXFileReference; fileEncoding = 4; lastKnownFileType = sourcecode.swift; name = AppDelegate.swift; path = RealmSyncDemo/AppDelegate.swift; sourceTree = SOURCE_ROOT; };
		A95F17F01E59DB1D00A7C54A /* Assets.xcassets */ = {isa = PBXFileReference; lastKnownFileType = folder.assetcatalog; name = Assets.xcassets; path = RealmSyncDemo/Assets.xcassets; sourceTree = SOURCE_ROOT; };
		A95F17F21E59DB2600A7C54A /* Info.plist */ = {isa = PBXFileReference; fileEncoding = 4; lastKnownFileType = text.plist.xml; name = Info.plist; path = RealmSyncDemo/Info.plist; sourceTree = SOURCE_ROOT; };
		A95F17F41E59DB3200A7C54A /* LoginViewController.swift */ = {isa = PBXFileReference; fileEncoding = 4; lastKnownFileType = sourcecode.swift; name = LoginViewController.swift; path = RealmSyncDemo/ViewControllers/LoginViewController.swift; sourceTree = SOURCE_ROOT; };
		A95F17F61E59DB3900A7C54A /* BurritoViewController.swift */ = {isa = PBXFileReference; fileEncoding = 4; lastKnownFileType = sourcecode.swift; name = BurritoViewController.swift; path = RealmSyncDemo/BurritoViewController.swift; sourceTree = SOURCE_ROOT; };
		A95F17F81E59DB4500A7C54A /* Burrito.swift */ = {isa = PBXFileReference; fileEncoding = 4; lastKnownFileType = sourcecode.swift; name = Burrito.swift; path = RealmSyncDemo/Models/Burrito.swift; sourceTree = SOURCE_ROOT; };
		A95F17FA1E59DB5000A7C54A /* ErrorConvenience.swift */ = {isa = PBXFileReference; fileEncoding = 4; lastKnownFileType = sourcecode.swift; name = ErrorConvenience.swift; path = RealmSyncDemo/Utils/ErrorConvenience.swift; sourceTree = SOURCE_ROOT; };
		A95F17FB1E59DB5000A7C54A /* Login.swift */ = {isa = PBXFileReference; fileEncoding = 4; lastKnownFileType = sourcecode.swift; name = Login.swift; path = RealmSyncDemo/Utils/Login.swift; sourceTree = SOURCE_ROOT; };
		A95F17FC1E59DB5000A7C54A /* RealmHelper.swift */ = {isa = PBXFileReference; fileEncoding = 4; lastKnownFileType = sourcecode.swift; name = RealmHelper.swift; path = RealmSyncDemo/Utils/RealmHelper.swift; sourceTree = SOURCE_ROOT; };
		A95F17FD1E59DB5000A7C54A /* SyncUserExtension.swift */ = {isa = PBXFileReference; fileEncoding = 4; lastKnownFileType = sourcecode.swift; name = SyncUserExtension.swift; path = RealmSyncDemo/Utils/SyncUserExtension.swift; sourceTree = SOURCE_ROOT; };
		A95F17FE1E59DB5000A7C54A /* UIStoryboardExtension.swift */ = {isa = PBXFileReference; fileEncoding = 4; lastKnownFileType = sourcecode.swift; name = UIStoryboardExtension.swift; path = RealmSyncDemo/Utils/UIStoryboardExtension.swift; sourceTree = SOURCE_ROOT; };
		A9B2397C1E3E7C35005AA6F9 /* RealmSyncDemo.app */ = {isa = PBXFileReference; explicitFileType = wrapper.application; includeInIndex = 0; path = RealmSyncDemo.app; sourceTree = BUILT_PRODUCTS_DIR; };
		A9B239901E3E7C36005AA6F9 /* RealmSyncDemoTests.xctest */ = {isa = PBXFileReference; explicitFileType = wrapper.cfbundle; includeInIndex = 0; path = RealmSyncDemoTests.xctest; sourceTree = BUILT_PRODUCTS_DIR; };
		A9B239941E3E7C36005AA6F9 /* RealmChatTests.swift */ = {isa = PBXFileReference; lastKnownFileType = sourcecode.swift; path = RealmChatTests.swift; sourceTree = "<group>"; };
		A9B239961E3E7C36005AA6F9 /* Info.plist */ = {isa = PBXFileReference; lastKnownFileType = text.plist.xml; path = Info.plist; sourceTree = "<group>"; };
		A9B2399B1E3E7C36005AA6F9 /* RealmSyncDemoUITests.xctest */ = {isa = PBXFileReference; explicitFileType = wrapper.cfbundle; includeInIndex = 0; path = RealmSyncDemoUITests.xctest; sourceTree = BUILT_PRODUCTS_DIR; };
		A9B2399F1E3E7C36005AA6F9 /* RealmChatUITests.swift */ = {isa = PBXFileReference; lastKnownFileType = sourcecode.swift; path = RealmChatUITests.swift; sourceTree = "<group>"; };
		A9B239A11E3E7C36005AA6F9 /* Info.plist */ = {isa = PBXFileReference; lastKnownFileType = text.plist.xml; path = Info.plist; sourceTree = "<group>"; };
		B4B55FFE674FAD8327AB1085 /* Pods-RealmChat.debug.xcconfig */ = {isa = PBXFileReference; includeInIndex = 1; lastKnownFileType = text.xcconfig; name = "Pods-RealmChat.debug.xcconfig"; path = "Pods/Target Support Files/Pods-RealmChat/Pods-RealmChat.debug.xcconfig"; sourceTree = "<group>"; };
		C3E3CF9780A81CBBCE41898F /* Pods-RealmSyncDemo.debug.xcconfig */ = {isa = PBXFileReference; includeInIndex = 1; lastKnownFileType = text.xcconfig; name = "Pods-RealmSyncDemo.debug.xcconfig"; path = "Pods/Target Support Files/Pods-RealmSyncDemo/Pods-RealmSyncDemo.debug.xcconfig"; sourceTree = "<group>"; };
		E573C207D3B93DCA179661F3 /* Pods_RealmSyncDemoTests.framework */ = {isa = PBXFileReference; explicitFileType = wrapper.framework; includeInIndex = 0; path = Pods_RealmSyncDemoTests.framework; sourceTree = BUILT_PRODUCTS_DIR; };
		E88BC0611E1BBF8D42C54C82 /* Pods_RealmChat.framework */ = {isa = PBXFileReference; explicitFileType = wrapper.framework; includeInIndex = 0; path = Pods_RealmChat.framework; sourceTree = BUILT_PRODUCTS_DIR; };
/* End PBXFileReference section */

/* Begin PBXFrameworksBuildPhase section */
		A9B239791E3E7C35005AA6F9 /* Frameworks */ = {
			isa = PBXFrameworksBuildPhase;
			buildActionMask = 2147483647;
			files = (
				799311229E244BA64B8A2B77 /* Pods_RealmSyncDemo.framework in Frameworks */,
			);
			runOnlyForDeploymentPostprocessing = 0;
		};
		A9B2398D1E3E7C36005AA6F9 /* Frameworks */ = {
			isa = PBXFrameworksBuildPhase;
			buildActionMask = 2147483647;
			files = (
				A8FF88AC07BEC5767F8A342E /* Pods_RealmChatTests.framework in Frameworks */,
				4A1D475CC15E038DD7328060 /* Pods_RealmSyncDemoTests.framework in Frameworks */,
			);
			runOnlyForDeploymentPostprocessing = 0;
		};
		A9B239981E3E7C36005AA6F9 /* Frameworks */ = {
			isa = PBXFrameworksBuildPhase;
			buildActionMask = 2147483647;
			files = (
				FC380333EFC7E0D5CA10E317 /* Pods_RealmChatUITests.framework in Frameworks */,
				85C2C353245540EAF74E0744 /* Pods_RealmSyncDemoUITests.framework in Frameworks */,
			);
			runOnlyForDeploymentPostprocessing = 0;
		};
/* End PBXFrameworksBuildPhase section */

/* Begin PBXGroup section */
		8CC34023C4FA5195B93414A5 /* Frameworks */ = {
			isa = PBXGroup;
			children = (
				E88BC0611E1BBF8D42C54C82 /* Pods_RealmChat.framework */,
				1FD934A10B92498DA176AA2B /* Pods_RealmChatTests.framework */,
				79824751D000BB0A942625B3 /* Pods_RealmChatUITests.framework */,
				3DFF60E183095D087FE0349F /* Pods_RealmSyncDemo.framework */,
				E573C207D3B93DCA179661F3 /* Pods_RealmSyncDemoTests.framework */,
				6A508900928B051496FCA762 /* Pods_RealmSyncDemoUITests.framework */,
			);
			name = Frameworks;
			sourceTree = "<group>";
		};
		A97186CF1E53CA1300CF902F /* Models */ = {
			isa = PBXGroup;
			children = (
				A95F17F81E59DB4500A7C54A /* Burrito.swift */,
			);
			name = Models;
			sourceTree = "<group>";
		};
		A9B239731E3E7C35005AA6F9 = {
			isa = PBXGroup;
			children = (
				A9B2397E1E3E7C35005AA6F9 /* RealmChat */,
				A9B239931E3E7C36005AA6F9 /* RealmChatTests */,
				A9B2399E1E3E7C36005AA6F9 /* RealmChatUITests */,
				A9B2397D1E3E7C35005AA6F9 /* Products */,
				BB4CE9F4067B307E2F7E8EAE /* Pods */,
				8CC34023C4FA5195B93414A5 /* Frameworks */,
			);
			sourceTree = "<group>";
		};
		A9B2397D1E3E7C35005AA6F9 /* Products */ = {
			isa = PBXGroup;
			children = (
				A9B2397C1E3E7C35005AA6F9 /* RealmSyncDemo.app */,
				A9B239901E3E7C36005AA6F9 /* RealmSyncDemoTests.xctest */,
				A9B2399B1E3E7C36005AA6F9 /* RealmSyncDemoUITests.xctest */,
			);
			name = Products;
			sourceTree = "<group>";
		};
		A9B2397E1E3E7C35005AA6F9 /* RealmChat */ = {
			isa = PBXGroup;
			children = (
				A97186CF1E53CA1300CF902F /* Models */,
				A9B239B01E3E8AB2005AA6F9 /* Utils */,
				A9B239AD1E3E8126005AA6F9 /* ViewControllers */,
				A95F17EE1E59DB0E00A7C54A /* AppDelegate.swift */,
				A908AB121E59DCFB00741E91 /* LaunchScreen.storyboard */,
				A908AB141E59DCFB00741E91 /* Main.storyboard */,
				A95F17F01E59DB1D00A7C54A /* Assets.xcassets */,
				A95F17F21E59DB2600A7C54A /* Info.plist */,
			);
			path = RealmChat;
			sourceTree = "<group>";
		};
		A9B239931E3E7C36005AA6F9 /* RealmChatTests */ = {
			isa = PBXGroup;
			children = (
				A9B239941E3E7C36005AA6F9 /* RealmChatTests.swift */,
				A9B239961E3E7C36005AA6F9 /* Info.plist */,
			);
			path = RealmChatTests;
			sourceTree = "<group>";
		};
		A9B2399E1E3E7C36005AA6F9 /* RealmChatUITests */ = {
			isa = PBXGroup;
			children = (
				A9B2399F1E3E7C36005AA6F9 /* RealmChatUITests.swift */,
				A9B239A11E3E7C36005AA6F9 /* Info.plist */,
			);
			path = RealmChatUITests;
			sourceTree = "<group>";
		};
		A9B239AD1E3E8126005AA6F9 /* ViewControllers */ = {
			isa = PBXGroup;
			children = (
				A95F17F61E59DB3900A7C54A /* BurritoViewController.swift */,
				A95F17F41E59DB3200A7C54A /* LoginViewController.swift */,
			);
			name = ViewControllers;
			sourceTree = "<group>";
		};
		A9B239B01E3E8AB2005AA6F9 /* Utils */ = {
			isa = PBXGroup;
			children = (
				A95F17FA1E59DB5000A7C54A /* ErrorConvenience.swift */,
				A95F17FB1E59DB5000A7C54A /* Login.swift */,
				A95F17FC1E59DB5000A7C54A /* RealmHelper.swift */,
				A95F17FD1E59DB5000A7C54A /* SyncUserExtension.swift */,
				A95F17FE1E59DB5000A7C54A /* UIStoryboardExtension.swift */,
			);
			name = Utils;
			sourceTree = "<group>";
		};
		BB4CE9F4067B307E2F7E8EAE /* Pods */ = {
			isa = PBXGroup;
			children = (
				B4B55FFE674FAD8327AB1085 /* Pods-RealmChat.debug.xcconfig */,
				4C7AA7CB687E3CA64306B061 /* Pods-RealmChat.release.xcconfig */,
				6B6D8F070BC06A50A55280F9 /* Pods-RealmChatTests.debug.xcconfig */,
				3C3C1DD49E9B54CC06B3AB88 /* Pods-RealmChatTests.release.xcconfig */,
				0795DB94907EAE941B57E6C9 /* Pods-RealmChatUITests.debug.xcconfig */,
				186A9E9F7A39C09957AF0989 /* Pods-RealmChatUITests.release.xcconfig */,
				C3E3CF9780A81CBBCE41898F /* Pods-RealmSyncDemo.debug.xcconfig */,
				474D1C71B8C533026F4C55BE /* Pods-RealmSyncDemo.release.xcconfig */,
				55BA9C3D2DA7CD8EDBE49934 /* Pods-RealmSyncDemoTests.debug.xcconfig */,
				83D0B21A116C9A3A9A26BE25 /* Pods-RealmSyncDemoTests.release.xcconfig */,
				4C7FDFD6B1B160A5B0B8DEAB /* Pods-RealmSyncDemoUITests.debug.xcconfig */,
				9950408DD215B31FAFDFC42D /* Pods-RealmSyncDemoUITests.release.xcconfig */,
			);
			name = Pods;
			sourceTree = "<group>";
		};
/* End PBXGroup section */

/* Begin PBXNativeTarget section */
		A9B2397B1E3E7C35005AA6F9 /* RealmSyncDemo */ = {
			isa = PBXNativeTarget;
			buildConfigurationList = A9B239A41E3E7C36005AA6F9 /* Build configuration list for PBXNativeTarget "RealmSyncDemo" */;
			buildPhases = (
				F031EC8265D8BD1CFB7AF3E3 /* [CP] Check Pods Manifest.lock */,
				A9B239781E3E7C35005AA6F9 /* Sources */,
				A9B239791E3E7C35005AA6F9 /* Frameworks */,
				A9B2397A1E3E7C35005AA6F9 /* Resources */,
				702C8274BB52C8969F8EDB6B /* [CP] Embed Pods Frameworks */,
				9254DD68F7BDBE1474E17AB8 /* [CP] Copy Pods Resources */,
			);
			buildRules = (
			);
			dependencies = (
			);
			name = RealmSyncDemo;
			productName = RealmChat;
			productReference = A9B2397C1E3E7C35005AA6F9 /* RealmSyncDemo.app */;
			productType = "com.apple.product-type.application";
		};
		A9B2398F1E3E7C36005AA6F9 /* RealmSyncDemoTests */ = {
			isa = PBXNativeTarget;
			buildConfigurationList = A9B239A71E3E7C36005AA6F9 /* Build configuration list for PBXNativeTarget "RealmSyncDemoTests" */;
			buildPhases = (
				695929AD81C43BD26EE04FE3 /* [CP] Check Pods Manifest.lock */,
				A9B2398C1E3E7C36005AA6F9 /* Sources */,
				A9B2398D1E3E7C36005AA6F9 /* Frameworks */,
				A9B2398E1E3E7C36005AA6F9 /* Resources */,
				AF65872286771C4EB8E72F7F /* [CP] Embed Pods Frameworks */,
				CCB3422AB4BDD81491CE8C3F /* [CP] Copy Pods Resources */,
			);
			buildRules = (
			);
			dependencies = (
				A9B239921E3E7C36005AA6F9 /* PBXTargetDependency */,
			);
			name = RealmSyncDemoTests;
			productName = RealmChatTests;
			productReference = A9B239901E3E7C36005AA6F9 /* RealmSyncDemoTests.xctest */;
			productType = "com.apple.product-type.bundle.unit-test";
		};
		A9B2399A1E3E7C36005AA6F9 /* RealmSyncDemoUITests */ = {
			isa = PBXNativeTarget;
			buildConfigurationList = A9B239AA1E3E7C36005AA6F9 /* Build configuration list for PBXNativeTarget "RealmSyncDemoUITests" */;
			buildPhases = (
				CA0D019D962EDAD286C98BB7 /* [CP] Check Pods Manifest.lock */,
				A9B239971E3E7C36005AA6F9 /* Sources */,
				A9B239981E3E7C36005AA6F9 /* Frameworks */,
				A9B239991E3E7C36005AA6F9 /* Resources */,
				81DE6E481ACCEAF555EA8F1C /* [CP] Embed Pods Frameworks */,
				D6D7C8731C1FAA897D16FEBC /* [CP] Copy Pods Resources */,
			);
			buildRules = (
			);
			dependencies = (
				A9B2399D1E3E7C36005AA6F9 /* PBXTargetDependency */,
			);
			name = RealmSyncDemoUITests;
			productName = RealmChatUITests;
			productReference = A9B2399B1E3E7C36005AA6F9 /* RealmSyncDemoUITests.xctest */;
			productType = "com.apple.product-type.bundle.ui-testing";
		};
/* End PBXNativeTarget section */

/* Begin PBXProject section */
		A9B239741E3E7C35005AA6F9 /* Project object */ = {
			isa = PBXProject;
			attributes = {
				LastSwiftUpdateCheck = 0820;
				LastUpgradeCheck = 0820;
				ORGANIZATIONNAME = "Håkon Knutzen";
				TargetAttributes = {
					A9B2397B1E3E7C35005AA6F9 = {
						CreatedOnToolsVersion = 8.2.1;
						DevelopmentTeam = GGPE947D78;
						ProvisioningStyle = Automatic;
					};
					A9B2398F1E3E7C36005AA6F9 = {
						CreatedOnToolsVersion = 8.2.1;
						ProvisioningStyle = Automatic;
						TestTargetID = A9B2397B1E3E7C35005AA6F9;
					};
					A9B2399A1E3E7C36005AA6F9 = {
						CreatedOnToolsVersion = 8.2.1;
						ProvisioningStyle = Automatic;
						TestTargetID = A9B2397B1E3E7C35005AA6F9;
					};
				};
			};
			buildConfigurationList = A9B239771E3E7C35005AA6F9 /* Build configuration list for PBXProject "RealmSyncDemo" */;
			compatibilityVersion = "Xcode 3.2";
			developmentRegion = English;
			hasScannedForEncodings = 0;
			knownRegions = (
				en,
				Base,
			);
			mainGroup = A9B239731E3E7C35005AA6F9;
			productRefGroup = A9B2397D1E3E7C35005AA6F9 /* Products */;
			projectDirPath = "";
			projectRoot = "";
			targets = (
				A9B2397B1E3E7C35005AA6F9 /* RealmSyncDemo */,
				A9B2398F1E3E7C36005AA6F9 /* RealmSyncDemoTests */,
				A9B2399A1E3E7C36005AA6F9 /* RealmSyncDemoUITests */,
			);
		};
/* End PBXProject section */

/* Begin PBXResourcesBuildPhase section */
		A9B2397A1E3E7C35005AA6F9 /* Resources */ = {
			isa = PBXResourcesBuildPhase;
			buildActionMask = 2147483647;
			files = (
				A908AB161E59DCFB00741E91 /* LaunchScreen.storyboard in Resources */,
				A95F17F31E59DB2600A7C54A /* Info.plist in Resources */,
				A95F17F11E59DB1D00A7C54A /* Assets.xcassets in Resources */,
				A908AB171E59DCFB00741E91 /* Main.storyboard in Resources */,
			);
			runOnlyForDeploymentPostprocessing = 0;
		};
		A9B2398E1E3E7C36005AA6F9 /* Resources */ = {
			isa = PBXResourcesBuildPhase;
			buildActionMask = 2147483647;
			files = (
			);
			runOnlyForDeploymentPostprocessing = 0;
		};
		A9B239991E3E7C36005AA6F9 /* Resources */ = {
			isa = PBXResourcesBuildPhase;
			buildActionMask = 2147483647;
			files = (
			);
			runOnlyForDeploymentPostprocessing = 0;
		};
/* End PBXResourcesBuildPhase section */

/* Begin PBXShellScriptBuildPhase section */
		695929AD81C43BD26EE04FE3 /* [CP] Check Pods Manifest.lock */ = {
			isa = PBXShellScriptBuildPhase;
			buildActionMask = 2147483647;
			files = (
			);
			inputPaths = (
			);
			name = "[CP] Check Pods Manifest.lock";
			outputPaths = (
			);
			runOnlyForDeploymentPostprocessing = 0;
			shellPath = /bin/sh;
			shellScript = "diff \"${PODS_ROOT}/../Podfile.lock\" \"${PODS_ROOT}/Manifest.lock\" > /dev/null\nif [ $? != 0 ] ; then\n    # print error to STDERR\n    echo \"error: The sandbox is not in sync with the Podfile.lock. Run 'pod install' or update your CocoaPods installation.\" >&2\n    exit 1\nfi\n";
			showEnvVarsInLog = 0;
		};
		702C8274BB52C8969F8EDB6B /* [CP] Embed Pods Frameworks */ = {
			isa = PBXShellScriptBuildPhase;
			buildActionMask = 2147483647;
			files = (
			);
			inputPaths = (
			);
			name = "[CP] Embed Pods Frameworks";
			outputPaths = (
			);
			runOnlyForDeploymentPostprocessing = 0;
			shellPath = /bin/sh;
			shellScript = "\"${SRCROOT}/Pods/Target Support Files/Pods-RealmSyncDemo/Pods-RealmSyncDemo-frameworks.sh\"\n";
			showEnvVarsInLog = 0;
		};
		81DE6E481ACCEAF555EA8F1C /* [CP] Embed Pods Frameworks */ = {
			isa = PBXShellScriptBuildPhase;
			buildActionMask = 2147483647;
			files = (
			);
			inputPaths = (
			);
			name = "[CP] Embed Pods Frameworks";
			outputPaths = (
			);
			runOnlyForDeploymentPostprocessing = 0;
			shellPath = /bin/sh;
			shellScript = "\"${SRCROOT}/Pods/Target Support Files/Pods-RealmSyncDemoUITests/Pods-RealmSyncDemoUITests-frameworks.sh\"\n";
			showEnvVarsInLog = 0;
		};
		9254DD68F7BDBE1474E17AB8 /* [CP] Copy Pods Resources */ = {
			isa = PBXShellScriptBuildPhase;
			buildActionMask = 2147483647;
			files = (
			);
			inputPaths = (
			);
			name = "[CP] Copy Pods Resources";
			outputPaths = (
			);
			runOnlyForDeploymentPostprocessing = 0;
			shellPath = /bin/sh;
			shellScript = "\"${SRCROOT}/Pods/Target Support Files/Pods-RealmSyncDemo/Pods-RealmSyncDemo-resources.sh\"\n";
			showEnvVarsInLog = 0;
		};
		AF65872286771C4EB8E72F7F /* [CP] Embed Pods Frameworks */ = {
			isa = PBXShellScriptBuildPhase;
			buildActionMask = 2147483647;
			files = (
			);
			inputPaths = (
			);
			name = "[CP] Embed Pods Frameworks";
			outputPaths = (
			);
			runOnlyForDeploymentPostprocessing = 0;
			shellPath = /bin/sh;
			shellScript = "\"${SRCROOT}/Pods/Target Support Files/Pods-RealmSyncDemoTests/Pods-RealmSyncDemoTests-frameworks.sh\"\n";
			showEnvVarsInLog = 0;
		};
		CA0D019D962EDAD286C98BB7 /* [CP] Check Pods Manifest.lock */ = {
			isa = PBXShellScriptBuildPhase;
			buildActionMask = 2147483647;
			files = (
			);
			inputPaths = (
			);
			name = "[CP] Check Pods Manifest.lock";
			outputPaths = (
			);
			runOnlyForDeploymentPostprocessing = 0;
			shellPath = /bin/sh;
			shellScript = "diff \"${PODS_ROOT}/../Podfile.lock\" \"${PODS_ROOT}/Manifest.lock\" > /dev/null\nif [ $? != 0 ] ; then\n    # print error to STDERR\n    echo \"error: The sandbox is not in sync with the Podfile.lock. Run 'pod install' or update your CocoaPods installation.\" >&2\n    exit 1\nfi\n";
			showEnvVarsInLog = 0;
		};
		CCB3422AB4BDD81491CE8C3F /* [CP] Copy Pods Resources */ = {
			isa = PBXShellScriptBuildPhase;
			buildActionMask = 2147483647;
			files = (
			);
			inputPaths = (
			);
			name = "[CP] Copy Pods Resources";
			outputPaths = (
			);
			runOnlyForDeploymentPostprocessing = 0;
			shellPath = /bin/sh;
			shellScript = "\"${SRCROOT}/Pods/Target Support Files/Pods-RealmSyncDemoTests/Pods-RealmSyncDemoTests-resources.sh\"\n";
			showEnvVarsInLog = 0;
		};
		D6D7C8731C1FAA897D16FEBC /* [CP] Copy Pods Resources */ = {
			isa = PBXShellScriptBuildPhase;
			buildActionMask = 2147483647;
			files = (
			);
			inputPaths = (
			);
			name = "[CP] Copy Pods Resources";
			outputPaths = (
			);
			runOnlyForDeploymentPostprocessing = 0;
			shellPath = /bin/sh;
			shellScript = "\"${SRCROOT}/Pods/Target Support Files/Pods-RealmSyncDemoUITests/Pods-RealmSyncDemoUITests-resources.sh\"\n";
			showEnvVarsInLog = 0;
		};
		F031EC8265D8BD1CFB7AF3E3 /* [CP] Check Pods Manifest.lock */ = {
			isa = PBXShellScriptBuildPhase;
			buildActionMask = 2147483647;
			files = (
			);
			inputPaths = (
			);
			name = "[CP] Check Pods Manifest.lock";
			outputPaths = (
			);
			runOnlyForDeploymentPostprocessing = 0;
			shellPath = /bin/sh;
			shellScript = "diff \"${PODS_ROOT}/../Podfile.lock\" \"${PODS_ROOT}/Manifest.lock\" > /dev/null\nif [ $? != 0 ] ; then\n    # print error to STDERR\n    echo \"error: The sandbox is not in sync with the Podfile.lock. Run 'pod install' or update your CocoaPods installation.\" >&2\n    exit 1\nfi\n";
			showEnvVarsInLog = 0;
		};
/* End PBXShellScriptBuildPhase section */

/* Begin PBXSourcesBuildPhase section */
		A9B239781E3E7C35005AA6F9 /* Sources */ = {
			isa = PBXSourcesBuildPhase;
			buildActionMask = 2147483647;
			files = (
				A95F18011E59DB5000A7C54A /* RealmHelper.swift in Sources */,
				A95F18021E59DB5000A7C54A /* SyncUserExtension.swift in Sources */,
				A95F17F91E59DB4500A7C54A /* Burrito.swift in Sources */,
				A95F18031E59DB5000A7C54A /* UIStoryboardExtension.swift in Sources */,
				A95F17FF1E59DB5000A7C54A /* ErrorConvenience.swift in Sources */,
				A95F17F71E59DB3900A7C54A /* BurritoViewController.swift in Sources */,
				A95F17F51E59DB3200A7C54A /* LoginViewController.swift in Sources */,
				A95F18001E59DB5000A7C54A /* Login.swift in Sources */,
				A95F17EF1E59DB0E00A7C54A /* AppDelegate.swift in Sources */,
			);
			runOnlyForDeploymentPostprocessing = 0;
		};
		A9B2398C1E3E7C36005AA6F9 /* Sources */ = {
			isa = PBXSourcesBuildPhase;
			buildActionMask = 2147483647;
			files = (
				A9B239951E3E7C36005AA6F9 /* RealmChatTests.swift in Sources */,
			);
			runOnlyForDeploymentPostprocessing = 0;
		};
		A9B239971E3E7C36005AA6F9 /* Sources */ = {
			isa = PBXSourcesBuildPhase;
			buildActionMask = 2147483647;
			files = (
				A9B239A01E3E7C36005AA6F9 /* RealmChatUITests.swift in Sources */,
			);
			runOnlyForDeploymentPostprocessing = 0;
		};
/* End PBXSourcesBuildPhase section */

/* Begin PBXTargetDependency section */
		A9B239921E3E7C36005AA6F9 /* PBXTargetDependency */ = {
			isa = PBXTargetDependency;
			target = A9B2397B1E3E7C35005AA6F9 /* RealmSyncDemo */;
			targetProxy = A9B239911E3E7C36005AA6F9 /* PBXContainerItemProxy */;
		};
		A9B2399D1E3E7C36005AA6F9 /* PBXTargetDependency */ = {
			isa = PBXTargetDependency;
			target = A9B2397B1E3E7C35005AA6F9 /* RealmSyncDemo */;
			targetProxy = A9B2399C1E3E7C36005AA6F9 /* PBXContainerItemProxy */;
		};
/* End PBXTargetDependency section */

/* Begin PBXVariantGroup section */
		A908AB121E59DCFB00741E91 /* LaunchScreen.storyboard */ = {
			isa = PBXVariantGroup;
			children = (
				A908AB131E59DCFB00741E91 /* Base */,
			);
			name = LaunchScreen.storyboard;
			sourceTree = "<group>";
		};
		A908AB141E59DCFB00741E91 /* Main.storyboard */ = {
			isa = PBXVariantGroup;
			children = (
				A908AB151E59DCFB00741E91 /* Base */,
			);
			name = Main.storyboard;
			sourceTree = "<group>";
		};
/* End PBXVariantGroup section */

/* Begin XCBuildConfiguration section */
		A9B239A21E3E7C36005AA6F9 /* Debug */ = {
			isa = XCBuildConfiguration;
			buildSettings = {
				ALWAYS_SEARCH_USER_PATHS = NO;
				CLANG_ANALYZER_NONNULL = YES;
				CLANG_CXX_LANGUAGE_STANDARD = "gnu++0x";
				CLANG_CXX_LIBRARY = "libc++";
				CLANG_ENABLE_MODULES = YES;
				CLANG_ENABLE_OBJC_ARC = YES;
				CLANG_WARN_BOOL_CONVERSION = YES;
				CLANG_WARN_CONSTANT_CONVERSION = YES;
				CLANG_WARN_DIRECT_OBJC_ISA_USAGE = YES_ERROR;
				CLANG_WARN_DOCUMENTATION_COMMENTS = YES;
				CLANG_WARN_EMPTY_BODY = YES;
				CLANG_WARN_ENUM_CONVERSION = YES;
				CLANG_WARN_INFINITE_RECURSION = YES;
				CLANG_WARN_INT_CONVERSION = YES;
				CLANG_WARN_OBJC_ROOT_CLASS = YES_ERROR;
				CLANG_WARN_SUSPICIOUS_MOVE = YES;
				CLANG_WARN_UNREACHABLE_CODE = YES;
				CLANG_WARN__DUPLICATE_METHOD_MATCH = YES;
				"CODE_SIGN_IDENTITY[sdk=iphoneos*]" = "iPhone Developer";
				COPY_PHASE_STRIP = NO;
				DEBUG_INFORMATION_FORMAT = dwarf;
				ENABLE_STRICT_OBJC_MSGSEND = YES;
				ENABLE_TESTABILITY = YES;
				GCC_C_LANGUAGE_STANDARD = gnu99;
				GCC_DYNAMIC_NO_PIC = NO;
				GCC_NO_COMMON_BLOCKS = YES;
				GCC_OPTIMIZATION_LEVEL = 0;
				GCC_PREPROCESSOR_DEFINITIONS = (
					"DEBUG=1",
					"$(inherited)",
				);
				GCC_WARN_64_TO_32_BIT_CONVERSION = YES;
				GCC_WARN_ABOUT_RETURN_TYPE = YES_ERROR;
				GCC_WARN_UNDECLARED_SELECTOR = YES;
				GCC_WARN_UNINITIALIZED_AUTOS = YES_AGGRESSIVE;
				GCC_WARN_UNUSED_FUNCTION = YES;
				GCC_WARN_UNUSED_VARIABLE = YES;
				IPHONEOS_DEPLOYMENT_TARGET = 10.2;
				MTL_ENABLE_DEBUG_INFO = YES;
				ONLY_ACTIVE_ARCH = YES;
				SDKROOT = iphoneos;
				SWIFT_ACTIVE_COMPILATION_CONDITIONS = DEBUG;
				SWIFT_OPTIMIZATION_LEVEL = "-Onone";
				TARGETED_DEVICE_FAMILY = "1,2";
			};
			name = Debug;
		};
		A9B239A31E3E7C36005AA6F9 /* Release */ = {
			isa = XCBuildConfiguration;
			buildSettings = {
				ALWAYS_SEARCH_USER_PATHS = NO;
				CLANG_ANALYZER_NONNULL = YES;
				CLANG_CXX_LANGUAGE_STANDARD = "gnu++0x";
				CLANG_CXX_LIBRARY = "libc++";
				CLANG_ENABLE_MODULES = YES;
				CLANG_ENABLE_OBJC_ARC = YES;
				CLANG_WARN_BOOL_CONVERSION = YES;
				CLANG_WARN_CONSTANT_CONVERSION = YES;
				CLANG_WARN_DIRECT_OBJC_ISA_USAGE = YES_ERROR;
				CLANG_WARN_DOCUMENTATION_COMMENTS = YES;
				CLANG_WARN_EMPTY_BODY = YES;
				CLANG_WARN_ENUM_CONVERSION = YES;
				CLANG_WARN_INFINITE_RECURSION = YES;
				CLANG_WARN_INT_CONVERSION = YES;
				CLANG_WARN_OBJC_ROOT_CLASS = YES_ERROR;
				CLANG_WARN_SUSPICIOUS_MOVE = YES;
				CLANG_WARN_UNREACHABLE_CODE = YES;
				CLANG_WARN__DUPLICATE_METHOD_MATCH = YES;
				"CODE_SIGN_IDENTITY[sdk=iphoneos*]" = "iPhone Developer";
				COPY_PHASE_STRIP = NO;
				DEBUG_INFORMATION_FORMAT = "dwarf-with-dsym";
				ENABLE_NS_ASSERTIONS = NO;
				ENABLE_STRICT_OBJC_MSGSEND = YES;
				GCC_C_LANGUAGE_STANDARD = gnu99;
				GCC_NO_COMMON_BLOCKS = YES;
				GCC_WARN_64_TO_32_BIT_CONVERSION = YES;
				GCC_WARN_ABOUT_RETURN_TYPE = YES_ERROR;
				GCC_WARN_UNDECLARED_SELECTOR = YES;
				GCC_WARN_UNINITIALIZED_AUTOS = YES_AGGRESSIVE;
				GCC_WARN_UNUSED_FUNCTION = YES;
				GCC_WARN_UNUSED_VARIABLE = YES;
				IPHONEOS_DEPLOYMENT_TARGET = 10.2;
				MTL_ENABLE_DEBUG_INFO = NO;
				SDKROOT = iphoneos;
				SWIFT_OPTIMIZATION_LEVEL = "-Owholemodule";
				TARGETED_DEVICE_FAMILY = "1,2";
				VALIDATE_PRODUCT = YES;
			};
			name = Release;
		};
		A9B239A51E3E7C36005AA6F9 /* Debug */ = {
			isa = XCBuildConfiguration;
			baseConfigurationReference = C3E3CF9780A81CBBCE41898F /* Pods-RealmSyncDemo.debug.xcconfig */;
			buildSettings = {
				ASSETCATALOG_COMPILER_APPICON_NAME = AppIcon;
				DEVELOPMENT_TEAM = GGPE947D78;
				INFOPLIST_FILE = "$(SRCROOT)/RealmSyncDemo/Info.plist";
				LD_RUNPATH_SEARCH_PATHS = "$(inherited) @executable_path/Frameworks";
				PRODUCT_BUNDLE_IDENTIFIER = no.hakonknutzen.RealmChat;
				PRODUCT_NAME = "$(TARGET_NAME)";
				SWIFT_VERSION = 3.0;
			};
			name = Debug;
		};
		A9B239A61E3E7C36005AA6F9 /* Release */ = {
			isa = XCBuildConfiguration;
			baseConfigurationReference = 474D1C71B8C533026F4C55BE /* Pods-RealmSyncDemo.release.xcconfig */;
			buildSettings = {
				ASSETCATALOG_COMPILER_APPICON_NAME = AppIcon;
				DEVELOPMENT_TEAM = GGPE947D78;
				INFOPLIST_FILE = "$(SRCROOT)/RealmSyncDemo/Info.plist";
				LD_RUNPATH_SEARCH_PATHS = "$(inherited) @executable_path/Frameworks";
				PRODUCT_BUNDLE_IDENTIFIER = no.hakonknutzen.RealmChat;
				PRODUCT_NAME = "$(TARGET_NAME)";
				SWIFT_VERSION = 3.0;
			};
			name = Release;
		};
		A9B239A81E3E7C36005AA6F9 /* Debug */ = {
			isa = XCBuildConfiguration;
			baseConfigurationReference = 55BA9C3D2DA7CD8EDBE49934 /* Pods-RealmSyncDemoTests.debug.xcconfig */;
			buildSettings = {
				BUNDLE_LOADER = "$(TEST_HOST)";
				INFOPLIST_FILE = RealmChatTests/Info.plist;
				LD_RUNPATH_SEARCH_PATHS = "$(inherited) @executable_path/Frameworks @loader_path/Frameworks";
				PRODUCT_BUNDLE_IDENTIFIER = no.hakonknutzen.RealmChatTests;
				PRODUCT_NAME = "$(TARGET_NAME)";
				SWIFT_VERSION = 3.0;
				TEST_HOST = "$(BUILT_PRODUCTS_DIR)/RealmSyncDemo.app/RealmSyncDemo";
			};
			name = Debug;
		};
		A9B239A91E3E7C36005AA6F9 /* Release */ = {
			isa = XCBuildConfiguration;
			baseConfigurationReference = 83D0B21A116C9A3A9A26BE25 /* Pods-RealmSyncDemoTests.release.xcconfig */;
			buildSettings = {
				BUNDLE_LOADER = "$(TEST_HOST)";
				INFOPLIST_FILE = RealmChatTests/Info.plist;
				LD_RUNPATH_SEARCH_PATHS = "$(inherited) @executable_path/Frameworks @loader_path/Frameworks";
				PRODUCT_BUNDLE_IDENTIFIER = no.hakonknutzen.RealmChatTests;
				PRODUCT_NAME = "$(TARGET_NAME)";
				SWIFT_VERSION = 3.0;
				TEST_HOST = "$(BUILT_PRODUCTS_DIR)/RealmSyncDemo.app/RealmSyncDemo";
			};
			name = Release;
		};
		A9B239AB1E3E7C36005AA6F9 /* Debug */ = {
			isa = XCBuildConfiguration;
			baseConfigurationReference = 4C7FDFD6B1B160A5B0B8DEAB /* Pods-RealmSyncDemoUITests.debug.xcconfig */;
			buildSettings = {
				INFOPLIST_FILE = RealmChatUITests/Info.plist;
				LD_RUNPATH_SEARCH_PATHS = "$(inherited) @executable_path/Frameworks @loader_path/Frameworks";
				PRODUCT_BUNDLE_IDENTIFIER = no.hakonknutzen.RealmChatUITests;
				PRODUCT_NAME = "$(TARGET_NAME)";
				SWIFT_VERSION = 3.0;
				TEST_TARGET_NAME = RealmChat;
			};
			name = Debug;
		};
		A9B239AC1E3E7C36005AA6F9 /* Release */ = {
			isa = XCBuildConfiguration;
			baseConfigurationReference = 9950408DD215B31FAFDFC42D /* Pods-RealmSyncDemoUITests.release.xcconfig */;
			buildSettings = {
				INFOPLIST_FILE = RealmChatUITests/Info.plist;
				LD_RUNPATH_SEARCH_PATHS = "$(inherited) @executable_path/Frameworks @loader_path/Frameworks";
				PRODUCT_BUNDLE_IDENTIFIER = no.hakonknutzen.RealmChatUITests;
				PRODUCT_NAME = "$(TARGET_NAME)";
				SWIFT_VERSION = 3.0;
				TEST_TARGET_NAME = RealmChat;
			};
			name = Release;
		};
/* End XCBuildConfiguration section */

/* Begin XCConfigurationList section */
		A9B239771E3E7C35005AA6F9 /* Build configuration list for PBXProject "RealmSyncDemo" */ = {
			isa = XCConfigurationList;
			buildConfigurations = (
				A9B239A21E3E7C36005AA6F9 /* Debug */,
				A9B239A31E3E7C36005AA6F9 /* Release */,
			);
			defaultConfigurationIsVisible = 0;
			defaultConfigurationName = Release;
		};
		A9B239A41E3E7C36005AA6F9 /* Build configuration list for PBXNativeTarget "RealmSyncDemo" */ = {
			isa = XCConfigurationList;
			buildConfigurations = (
				A9B239A51E3E7C36005AA6F9 /* Debug */,
				A9B239A61E3E7C36005AA6F9 /* Release */,
			);
			defaultConfigurationIsVisible = 0;
			defaultConfigurationName = Release;
		};
		A9B239A71E3E7C36005AA6F9 /* Build configuration list for PBXNativeTarget "RealmSyncDemoTests" */ = {
			isa = XCConfigurationList;
			buildConfigurations = (
				A9B239A81E3E7C36005AA6F9 /* Debug */,
				A9B239A91E3E7C36005AA6F9 /* Release */,
			);
			defaultConfigurationIsVisible = 0;
			defaultConfigurationName = Release;
		};
		A9B239AA1E3E7C36005AA6F9 /* Build configuration list for PBXNativeTarget "RealmSyncDemoUITests" */ = {
			isa = XCConfigurationList;
			buildConfigurations = (
				A9B239AB1E3E7C36005AA6F9 /* Debug */,
				A9B239AC1E3E7C36005AA6F9 /* Release */,
			);
			defaultConfigurationIsVisible = 0;
			defaultConfigurationName = Release;
		};
/* End XCConfigurationList section */
	};
	rootObject = A9B239741E3E7C35005AA6F9 /* Project object */;
}
